
Microsoft Visual Studio Solution File, Format Version 12.00
# Visual Studio Version 16
VisualStudioVersion = 16.0.30804.86
MinimumVisualStudioVersion = 10.0.40219.1
Project("{FAE04EC0-301F-11D3-BF4B-00C04F79EFBC}") = "Lesson_1", "Lesson_1\Lesson_1.csproj", "{8851228C-B33F-4DA3-BDBA-5A5E35D009A7}"
EndProject
Global
	GlobalSection(SolutionConfigurationPlatforms) = preSolution
		Debug|Any CPU = Debug|Any CPU
		Release|Any CPU = Release|Any CPU
	EndGlobalSection
	GlobalSection(ProjectConfigurationPlatforms) = postSolution
		{8851228C-B33F-4DA3-BDBA-5A5E35D009A7}.Debug|Any CPU.ActiveCfg = Debug|Any CPU
		{8851228C-B33F-4DA3-BDBA-5A5E35D009A7}.Debug|Any CPU.Build.0 = Debug|Any CPU
		{8851228C-B33F-4DA3-BDBA-5A5E35D009A7}.Release|Any CPU.ActiveCfg = Release|Any CPU
		{8851228C-B33F-4DA3-BDBA-5A5E35D009A7}.Release|Any CPU.Build.0 = Release|Any CPU
	EndGlobalSection
	GlobalSection(SolutionProperties) = preSolution
		HideSolutionNode = FALSE
	EndGlobalSection
	GlobalSection(ExtensibilityGlobals) = postSolution
		SolutionGuid = {1D81EF23-05FF-425C-9570-65C915EFF404}
	EndGlobalSection
EndGlobal
